
Microsoft Visual Studio Solution File, Format Version 12.00
# Visual Studio Version 16
VisualStudioVersion = 16.0.31205.134
MinimumVisualStudioVersion = 10.0.40219.1
Project("{FAE04EC0-301F-11D3-BF4B-00C04F79EFBC}") = "SeleniumFramework", "SeleniumFramework.csproj", "{9E03E08C-8ED6-4B54-BC33-84F37E7045FD}"
EndProject
Global
	GlobalSection(SolutionConfigurationPlatforms) = preSolution
		Debug|Any CPU = Debug|Any CPU
		Release|Any CPU = Release|Any CPU
	EndGlobalSection
	GlobalSection(ProjectConfigurationPlatforms) = postSolution
		{9E03E08C-8ED6-4B54-BC33-84F37E7045FD}.Debug|Any CPU.ActiveCfg = Debug|Any CPU
		{9E03E08C-8ED6-4B54-BC33-84F37E7045FD}.Debug|Any CPU.Build.0 = Debug|Any CPU
		{9E03E08C-8ED6-4B54-BC33-84F37E7045FD}.Release|Any CPU.ActiveCfg = Release|Any CPU
		{9E03E08C-8ED6-4B54-BC33-84F37E7045FD}.Release|Any CPU.Build.0 = Release|Any CPU
	EndGlobalSection
	GlobalSection(SolutionProperties) = preSolution
		HideSolutionNode = FALSE
	EndGlobalSection
	GlobalSection(ExtensibilityGlobals) = postSolution
		SolutionGuid = {78D2EA22-391C-4F59-BF32-17B6611479F7}
	EndGlobalSection
EndGlobal
